// !$*UTF8*$!
{
	archiveVersion = 1;
	classes = {
	};
	objectVersion = 56;
	objects = {

/* Begin PBXBuildFile section */
		19D542AD2AECF162003AE729 /* AppDelegate.swift in Sources */ = {isa = PBXBuildFile; fileRef = 19D542AC2AECF162003AE729 /* AppDelegate.swift */; };
		19D542AF2AECF162003AE729 /* SceneDelegate.swift in Sources */ = {isa = PBXBuildFile; fileRef = 19D542AE2AECF162003AE729 /* SceneDelegate.swift */; };
		19D542B62AECF163003AE729 /* Assets.xcassets in Resources */ = {isa = PBXBuildFile; fileRef = 19D542B52AECF163003AE729 /* Assets.xcassets */; };
		19D542B92AECF163003AE729 /* LaunchScreen.storyboard in Resources */ = {isa = PBXBuildFile; fileRef = 19D542B72AECF163003AE729 /* LaunchScreen.storyboard */; };
		19D542C42AECF164003AE729 /* PexelTests.swift in Sources */ = {isa = PBXBuildFile; fileRef = 19D542C32AECF164003AE729 /* PexelTests.swift */; };
		19D542CE2AECF164003AE729 /* PexelUITests.swift in Sources */ = {isa = PBXBuildFile; fileRef = 19D542CD2AECF164003AE729 /* PexelUITests.swift */; };
		19D542D02AECF164003AE729 /* PexelUITestsLaunchTests.swift in Sources */ = {isa = PBXBuildFile; fileRef = 19D542CF2AECF164003AE729 /* PexelUITestsLaunchTests.swift */; };
		19D542DE2AECF1D3003AE729 /* onBoardingViewController.swift in Sources */ = {isa = PBXBuildFile; fileRef = 19D542DC2AECF1D3003AE729 /* onBoardingViewController.swift */; };
		19D542DF2AECF1D3003AE729 /* onBoardingViewController.xib in Resources */ = {isa = PBXBuildFile; fileRef = 19D542DD2AECF1D3003AE729 /* onBoardingViewController.xib */; };
		19D542E22AED4B14003AE729 /* onBoardingCollectionViewCell.swift in Sources */ = {isa = PBXBuildFile; fileRef = 19D542E02AED4B14003AE729 /* onBoardingCollectionViewCell.swift */; };
		19D542E32AED4B14003AE729 /* onBoardingCollectionViewCell.xib in Resources */ = {isa = PBXBuildFile; fileRef = 19D542E12AED4B14003AE729 /* onBoardingCollectionViewCell.xib */; };
		19D542E52AED5026003AE729 /* onboardingModel.swift in Sources */ = {isa = PBXBuildFile; fileRef = 19D542E42AED5026003AE729 /* onboardingModel.swift */; };
/* End PBXBuildFile section */

/* Begin PBXContainerItemProxy section */
		19D542C02AECF164003AE729 /* PBXContainerItemProxy */ = {
			isa = PBXContainerItemProxy;
			containerPortal = 19D542A12AECF161003AE729 /* Project object */;
			proxyType = 1;
			remoteGlobalIDString = 19D542A82AECF162003AE729;
			remoteInfo = Pexel;
		};
		19D542CA2AECF164003AE729 /* PBXContainerItemProxy */ = {
			isa = PBXContainerItemProxy;
			containerPortal = 19D542A12AECF161003AE729 /* Project object */;
			proxyType = 1;
			remoteGlobalIDString = 19D542A82AECF162003AE729;
			remoteInfo = Pexel;
		};
/* End PBXContainerItemProxy section */

/* Begin PBXFileReference section */
		19D542A92AECF162003AE729 /* Pexel.app */ = {isa = PBXFileReference; explicitFileType = wrapper.application; includeInIndex = 0; path = Pexel.app; sourceTree = BUILT_PRODUCTS_DIR; };
		19D542AC2AECF162003AE729 /* AppDelegate.swift */ = {isa = PBXFileReference; lastKnownFileType = sourcecode.swift; path = AppDelegate.swift; sourceTree = "<group>"; };
		19D542AE2AECF162003AE729 /* SceneDelegate.swift */ = {isa = PBXFileReference; lastKnownFileType = sourcecode.swift; path = SceneDelegate.swift; sourceTree = "<group>"; };
		19D542B52AECF163003AE729 /* Assets.xcassets */ = {isa = PBXFileReference; lastKnownFileType = folder.assetcatalog; path = Assets.xcassets; sourceTree = "<group>"; };
		19D542B82AECF163003AE729 /* Base */ = {isa = PBXFileReference; lastKnownFileType = file.storyboard; name = Base; path = Base.lproj/LaunchScreen.storyboard; sourceTree = "<group>"; };
		19D542BA2AECF163003AE729 /* Info.plist */ = {isa = PBXFileReference; lastKnownFileType = text.plist.xml; path = Info.plist; sourceTree = "<group>"; };
		19D542BF2AECF164003AE729 /* PexelTests.xctest */ = {isa = PBXFileReference; explicitFileType = wrapper.cfbundle; includeInIndex = 0; path = PexelTests.xctest; sourceTree = BUILT_PRODUCTS_DIR; };
		19D542C32AECF164003AE729 /* PexelTests.swift */ = {isa = PBXFileReference; lastKnownFileType = sourcecode.swift; path = PexelTests.swift; sourceTree = "<group>"; };
		19D542C92AECF164003AE729 /* PexelUITests.xctest */ = {isa = PBXFileReference; explicitFileType = wrapper.cfbundle; includeInIndex = 0; path = PexelUITests.xctest; sourceTree = BUILT_PRODUCTS_DIR; };
		19D542CD2AECF164003AE729 /* PexelUITests.swift */ = {isa = PBXFileReference; lastKnownFileType = sourcecode.swift; path = PexelUITests.swift; sourceTree = "<group>"; };
		19D542CF2AECF164003AE729 /* PexelUITestsLaunchTests.swift */ = {isa = PBXFileReference; lastKnownFileType = sourcecode.swift; path = PexelUITestsLaunchTests.swift; sourceTree = "<group>"; };
		19D542DC2AECF1D3003AE729 /* onBoardingViewController.swift */ = {isa = PBXFileReference; lastKnownFileType = sourcecode.swift; path = onBoardingViewController.swift; sourceTree = "<group>"; };
		19D542DD2AECF1D3003AE729 /* onBoardingViewController.xib */ = {isa = PBXFileReference; lastKnownFileType = file.xib; path = onBoardingViewController.xib; sourceTree = "<group>"; };
		19D542E02AED4B14003AE729 /* onBoardingCollectionViewCell.swift */ = {isa = PBXFileReference; lastKnownFileType = sourcecode.swift; path = onBoardingCollectionViewCell.swift; sourceTree = "<group>"; };
		19D542E12AED4B14003AE729 /* onBoardingCollectionViewCell.xib */ = {isa = PBXFileReference; lastKnownFileType = file.xib; path = onBoardingCollectionViewCell.xib; sourceTree = "<group>"; };
		19D542E42AED5026003AE729 /* onboardingModel.swift */ = {isa = PBXFileReference; lastKnownFileType = sourcecode.swift; path = onboardingModel.swift; sourceTree = "<group>"; };
/* End PBXFileReference section */

/* Begin PBXFrameworksBuildPhase section */
		19D542A62AECF162003AE729 /* Frameworks */ = {
			isa = PBXFrameworksBuildPhase;
			buildActionMask = 2147483647;
			files = (
			);
			runOnlyForDeploymentPostprocessing = 0;
		};
		19D542BC2AECF164003AE729 /* Frameworks */ = {
			isa = PBXFrameworksBuildPhase;
			buildActionMask = 2147483647;
			files = (
			);
			runOnlyForDeploymentPostprocessing = 0;
		};
		19D542C62AECF164003AE729 /* Frameworks */ = {
			isa = PBXFrameworksBuildPhase;
			buildActionMask = 2147483647;
			files = (
			);
			runOnlyForDeploymentPostprocessing = 0;
		};
/* End PBXFrameworksBuildPhase section */

/* Begin PBXGroup section */
		19D542A02AECF161003AE729 = {
			isa = PBXGroup;
			children = (
				19D542AB2AECF162003AE729 /* Pexel */,
				19D542C22AECF164003AE729 /* PexelTests */,
				19D542CC2AECF164003AE729 /* PexelUITests */,
				19D542AA2AECF162003AE729 /* Products */,
			);
			sourceTree = "<group>";
		};
		19D542AA2AECF162003AE729 /* Products */ = {
			isa = PBXGroup;
			children = (
				19D542A92AECF162003AE729 /* Pexel.app */,
				19D542BF2AECF164003AE729 /* PexelTests.xctest */,
				19D542C92AECF164003AE729 /* PexelUITests.xctest */,
			);
			name = Products;
			sourceTree = "<group>";
		};
		19D542AB2AECF162003AE729 /* Pexel */ = {
			isa = PBXGroup;
			children = (
				19D542AC2AECF162003AE729 /* AppDelegate.swift */,
				19D542AE2AECF162003AE729 /* SceneDelegate.swift */,
				19D542DC2AECF1D3003AE729 /* onBoardingViewController.swift */,
				19D542DD2AECF1D3003AE729 /* onBoardingViewController.xib */,
				19D542E02AED4B14003AE729 /* onBoardingCollectionViewCell.swift */,
				19D542E12AED4B14003AE729 /* onBoardingCollectionViewCell.xib */,
				19D542E42AED5026003AE729 /* onboardingModel.swift */,
				19D542B52AECF163003AE729 /* Assets.xcassets */,
				19D542B72AECF163003AE729 /* LaunchScreen.storyboard */,
				19D542BA2AECF163003AE729 /* Info.plist */,
			);
			path = Pexel;
			sourceTree = "<group>";
		};
		19D542C22AECF164003AE729 /* PexelTests */ = {
			isa = PBXGroup;
			children = (
				19D542C32AECF164003AE729 /* PexelTests.swift */,
			);
			path = PexelTests;
			sourceTree = "<group>";
		};
		19D542CC2AECF164003AE729 /* PexelUITests */ = {
			isa = PBXGroup;
			children = (
				19D542CD2AECF164003AE729 /* PexelUITests.swift */,
				19D542CF2AECF164003AE729 /* PexelUITestsLaunchTests.swift */,
			);
			path = PexelUITests;
			sourceTree = "<group>";
		};
/* End PBXGroup section */

/* Begin PBXNativeTarget section */
		19D542A82AECF162003AE729 /* Pexel */ = {
			isa = PBXNativeTarget;
			buildConfigurationList = 19D542D32AECF164003AE729 /* Build configuration list for PBXNativeTarget "Pexel" */;
			buildPhases = (
				19D542A52AECF162003AE729 /* Sources */,
				19D542A62AECF162003AE729 /* Frameworks */,
				19D542A72AECF162003AE729 /* Resources */,
			);
			buildRules = (
			);
			dependencies = (
			);
			name = Pexel;
			productName = Pexel;
			productReference = 19D542A92AECF162003AE729 /* Pexel.app */;
			productType = "com.apple.product-type.application";
		};
		19D542BE2AECF164003AE729 /* PexelTests */ = {
			isa = PBXNativeTarget;
			buildConfigurationList = 19D542D62AECF164003AE729 /* Build configuration list for PBXNativeTarget "PexelTests" */;
			buildPhases = (
				19D542BB2AECF164003AE729 /* Sources */,
				19D542BC2AECF164003AE729 /* Frameworks */,
				19D542BD2AECF164003AE729 /* Resources */,
			);
			buildRules = (
			);
			dependencies = (
				19D542C12AECF164003AE729 /* PBXTargetDependency */,
			);
			name = PexelTests;
			productName = PexelTests;
			productReference = 19D542BF2AECF164003AE729 /* PexelTests.xctest */;
			productType = "com.apple.product-type.bundle.unit-test";
		};
		19D542C82AECF164003AE729 /* PexelUITests */ = {
			isa = PBXNativeTarget;
			buildConfigurationList = 19D542D92AECF164003AE729 /* Build configuration list for PBXNativeTarget "PexelUITests" */;
			buildPhases = (
				19D542C52AECF164003AE729 /* Sources */,
				19D542C62AECF164003AE729 /* Frameworks */,
				19D542C72AECF164003AE729 /* Resources */,
			);
			buildRules = (
			);
			dependencies = (
				19D542CB2AECF164003AE729 /* PBXTargetDependency */,
			);
			name = PexelUITests;
			productName = PexelUITests;
			productReference = 19D542C92AECF164003AE729 /* PexelUITests.xctest */;
			productType = "com.apple.product-type.bundle.ui-testing";
		};
/* End PBXNativeTarget section */

/* Begin PBXProject section */
		19D542A12AECF161003AE729 /* Project object */ = {
			isa = PBXProject;
			attributes = {
				BuildIndependentTargetsInParallel = 1;
				LastSwiftUpdateCheck = 1430;
				LastUpgradeCheck = 1430;
				TargetAttributes = {
					19D542A82AECF162003AE729 = {
						CreatedOnToolsVersion = 14.3.1;
					};
					19D542BE2AECF164003AE729 = {
						CreatedOnToolsVersion = 14.3.1;
						TestTargetID = 19D542A82AECF162003AE729;
					};
					19D542C82AECF164003AE729 = {
						CreatedOnToolsVersion = 14.3.1;
						TestTargetID = 19D542A82AECF162003AE729;
					};
				};
			};
			buildConfigurationList = 19D542A42AECF161003AE729 /* Build configuration list for PBXProject "Pexel" */;
			compatibilityVersion = "Xcode 14.0";
			developmentRegion = en;
			hasScannedForEncodings = 0;
			knownRegions = (
				en,
				Base,
			);
			mainGroup = 19D542A02AECF161003AE729;
			productRefGroup = 19D542AA2AECF162003AE729 /* Products */;
			projectDirPath = "";
			projectRoot = "";
			targets = (
				19D542A82AECF162003AE729 /* Pexel */,
				19D542BE2AECF164003AE729 /* PexelTests */,
				19D542C82AECF164003AE729 /* PexelUITests */,
			);
		};
/* End PBXProject section */

/* Begin PBXResourcesBuildPhase section */
		19D542A72AECF162003AE729 /* Resources */ = {
			isa = PBXResourcesBuildPhase;
			buildActionMask = 2147483647;
			files = (
				19D542DF2AECF1D3003AE729 /* onBoardingViewController.xib in Resources */,
				19D542B92AECF163003AE729 /* LaunchScreen.storyboard in Resources */,
				19D542E32AED4B14003AE729 /* onBoardingCollectionViewCell.xib in Resources */,
				19D542B62AECF163003AE729 /* Assets.xcassets in Resources */,
			);
			runOnlyForDeploymentPostprocessing = 0;
		};
		19D542BD2AECF164003AE729 /* Resources */ = {
			isa = PBXResourcesBuildPhase;
			buildActionMask = 2147483647;
			files = (
			);
			runOnlyForDeploymentPostprocessing = 0;
		};
		19D542C72AECF164003AE729 /* Resources */ = {
			isa = PBXResourcesBuildPhase;
			buildActionMask = 2147483647;
			files = (
			);
			runOnlyForDeploymentPostprocessing = 0;
		};
/* End PBXResourcesBuildPhase section */

/* Begin PBXSourcesBuildPhase section */
		19D542A52AECF162003AE729 /* Sources */ = {
			isa = PBXSourcesBuildPhase;
			buildActionMask = 2147483647;
			files = (
				19D542AD2AECF162003AE729 /* AppDelegate.swift in Sources */,
				19D542AF2AECF162003AE729 /* SceneDelegate.swift in Sources */,
				19D542DE2AECF1D3003AE729 /* onBoardingViewController.swift in Sources */,
				19D542E52AED5026003AE729 /* onboardingModel.swift in Sources */,
				19D542E22AED4B14003AE729 /* onBoardingCollectionViewCell.swift in Sources */,
			);
			runOnlyForDeploymentPostprocessing = 0;
		};
		19D542BB2AECF164003AE729 /* Sources */ = {
			isa = PBXSourcesBuildPhase;
			buildActionMask = 2147483647;
			files = (
				19D542C42AECF164003AE729 /* PexelTests.swift in Sources */,
			);
			runOnlyForDeploymentPostprocessing = 0;
		};
		19D542C52AECF164003AE729 /* Sources */ = {
			isa = PBXSourcesBuildPhase;
			buildActionMask = 2147483647;
			files = (
				19D542CE2AECF164003AE729 /* PexelUITests.swift in Sources */,
				19D542D02AECF164003AE729 /* PexelUITestsLaunchTests.swift in Sources */,
			);
			runOnlyForDeploymentPostprocessing = 0;
		};
/* End PBXSourcesBuildPhase section */

/* Begin PBXTargetDependency section */
		19D542C12AECF164003AE729 /* PBXTargetDependency */ = {
			isa = PBXTargetDependency;
			target = 19D542A82AECF162003AE729 /* Pexel */;
			targetProxy = 19D542C02AECF164003AE729 /* PBXContainerItemProxy */;
		};
		19D542CB2AECF164003AE729 /* PBXTargetDependency */ = {
			isa = PBXTargetDependency;
			target = 19D542A82AECF162003AE729 /* Pexel */;
			targetProxy = 19D542CA2AECF164003AE729 /* PBXContainerItemProxy */;
		};
/* End PBXTargetDependency section */

/* Begin PBXVariantGroup section */
		19D542B72AECF163003AE729 /* LaunchScreen.storyboard */ = {
			isa = PBXVariantGroup;
			children = (
				19D542B82AECF163003AE729 /* Base */,
			);
			name = LaunchScreen.storyboard;
			sourceTree = "<group>";
		};
/* End PBXVariantGroup section */

/* Begin XCBuildConfiguration section */
		19D542D12AECF164003AE729 /* Debug */ = {
			isa = XCBuildConfiguration;
			buildSettings = {
				ALWAYS_SEARCH_USER_PATHS = NO;
				CLANG_ANALYZER_NONNULL = YES;
				CLANG_ANALYZER_NUMBER_OBJECT_CONVERSION = YES_AGGRESSIVE;
				CLANG_CXX_LANGUAGE_STANDARD = "gnu++20";
				CLANG_ENABLE_MODULES = YES;
				CLANG_ENABLE_OBJC_ARC = YES;
				CLANG_ENABLE_OBJC_WEAK = YES;
				CLANG_WARN_BLOCK_CAPTURE_AUTORELEASING = YES;
				CLANG_WARN_BOOL_CONVERSION = YES;
				CLANG_WARN_COMMA = YES;
				CLANG_WARN_CONSTANT_CONVERSION = YES;
				CLANG_WARN_DEPRECATED_OBJC_IMPLEMENTATIONS = YES;
				CLANG_WARN_DIRECT_OBJC_ISA_USAGE = YES_ERROR;
				CLANG_WARN_DOCUMENTATION_COMMENTS = YES;
				CLANG_WARN_EMPTY_BODY = YES;
				CLANG_WARN_ENUM_CONVERSION = YES;
				CLANG_WARN_INFINITE_RECURSION = YES;
				CLANG_WARN_INT_CONVERSION = YES;
				CLANG_WARN_NON_LITERAL_NULL_CONVERSION = YES;
				CLANG_WARN_OBJC_IMPLICIT_RETAIN_SELF = YES;
				CLANG_WARN_OBJC_LITERAL_CONVERSION = YES;
				CLANG_WARN_OBJC_ROOT_CLASS = YES_ERROR;
				CLANG_WARN_QUOTED_INCLUDE_IN_FRAMEWORK_HEADER = YES;
				CLANG_WARN_RANGE_LOOP_ANALYSIS = YES;
				CLANG_WARN_STRICT_PROTOTYPES = YES;
				CLANG_WARN_SUSPICIOUS_MOVE = YES;
				CLANG_WARN_UNGUARDED_AVAILABILITY = YES_AGGRESSIVE;
				CLANG_WARN_UNREACHABLE_CODE = YES;
				CLANG_WARN__DUPLICATE_METHOD_MATCH = YES;
				COPY_PHASE_STRIP = NO;
				DEBUG_INFORMATION_FORMAT = dwarf;
				ENABLE_STRICT_OBJC_MSGSEND = YES;
				ENABLE_TESTABILITY = YES;
				GCC_C_LANGUAGE_STANDARD = gnu11;
				GCC_DYNAMIC_NO_PIC = NO;
				GCC_NO_COMMON_BLOCKS = YES;
				GCC_OPTIMIZATION_LEVEL = 0;
				GCC_PREPROCESSOR_DEFINITIONS = (
					"DEBUG=1",
					"$(inherited)",
				);
				GCC_WARN_64_TO_32_BIT_CONVERSION = YES;
				GCC_WARN_ABOUT_RETURN_TYPE = YES_ERROR;
				GCC_WARN_UNDECLARED_SELECTOR = YES;
				GCC_WARN_UNINITIALIZED_AUTOS = YES_AGGRESSIVE;
				GCC_WARN_UNUSED_FUNCTION = YES;
				GCC_WARN_UNUSED_VARIABLE = YES;
				IPHONEOS_DEPLOYMENT_TARGET = 16.4;
				MTL_ENABLE_DEBUG_INFO = INCLUDE_SOURCE;
				MTL_FAST_MATH = YES;
				ONLY_ACTIVE_ARCH = YES;
				SDKROOT = iphoneos;
				SWIFT_ACTIVE_COMPILATION_CONDITIONS = DEBUG;
				SWIFT_OPTIMIZATION_LEVEL = "-Onone";
			};
			name = Debug;
		};
		19D542D22AECF164003AE729 /* Release */ = {
			isa = XCBuildConfiguration;
			buildSettings = {
				ALWAYS_SEARCH_USER_PATHS = NO;
				CLANG_ANALYZER_NONNULL = YES;
				CLANG_ANALYZER_NUMBER_OBJECT_CONVERSION = YES_AGGRESSIVE;
				CLANG_CXX_LANGUAGE_STANDARD = "gnu++20";
				CLANG_ENABLE_MODULES = YES;
				CLANG_ENABLE_OBJC_ARC = YES;
				CLANG_ENABLE_OBJC_WEAK = YES;
				CLANG_WARN_BLOCK_CAPTURE_AUTORELEASING = YES;
				CLANG_WARN_BOOL_CONVERSION = YES;
				CLANG_WARN_COMMA = YES;
				CLANG_WARN_CONSTANT_CONVERSION = YES;
				CLANG_WARN_DEPRECATED_OBJC_IMPLEMENTATIONS = YES;
				CLANG_WARN_DIRECT_OBJC_ISA_USAGE = YES_ERROR;
				CLANG_WARN_DOCUMENTATION_COMMENTS = YES;
				CLANG_WARN_EMPTY_BODY = YES;
				CLANG_WARN_ENUM_CONVERSION = YES;
				CLANG_WARN_INFINITE_RECURSION = YES;
				CLANG_WARN_INT_CONVERSION = YES;
				CLANG_WARN_NON_LITERAL_NULL_CONVERSION = YES;
				CLANG_WARN_OBJC_IMPLICIT_RETAIN_SELF = YES;
				CLANG_WARN_OBJC_LITERAL_CONVERSION = YES;
				CLANG_WARN_OBJC_ROOT_CLASS = YES_ERROR;
				CLANG_WARN_QUOTED_INCLUDE_IN_FRAMEWORK_HEADER = YES;
				CLANG_WARN_RANGE_LOOP_ANALYSIS = YES;
				CLANG_WARN_STRICT_PROTOTYPES = YES;
				CLANG_WARN_SUSPICIOUS_MOVE = YES;
				CLANG_WARN_UNGUARDED_AVAILABILITY = YES_AGGRESSIVE;
				CLANG_WARN_UNREACHABLE_CODE = YES;
				CLANG_WARN__DUPLICATE_METHOD_MATCH = YES;
				COPY_PHASE_STRIP = NO;
				DEBUG_INFORMATION_FORMAT = "dwarf-with-dsym";
				ENABLE_NS_ASSERTIONS = NO;
				ENABLE_STRICT_OBJC_MSGSEND = YES;
				GCC_C_LANGUAGE_STANDARD = gnu11;
				GCC_NO_COMMON_BLOCKS = YES;
				GCC_WARN_64_TO_32_BIT_CONVERSION = YES;
				GCC_WARN_ABOUT_RETURN_TYPE = YES_ERROR;
				GCC_WARN_UNDECLARED_SELECTOR = YES;
				GCC_WARN_UNINITIALIZED_AUTOS = YES_AGGRESSIVE;
				GCC_WARN_UNUSED_FUNCTION = YES;
				GCC_WARN_UNUSED_VARIABLE = YES;
				IPHONEOS_DEPLOYMENT_TARGET = 16.4;
				MTL_ENABLE_DEBUG_INFO = NO;
				MTL_FAST_MATH = YES;
				SDKROOT = iphoneos;
				SWIFT_COMPILATION_MODE = wholemodule;
				SWIFT_OPTIMIZATION_LEVEL = "-O";
				VALIDATE_PRODUCT = YES;
			};
			name = Release;
		};
		19D542D42AECF164003AE729 /* Debug */ = {
			isa = XCBuildConfiguration;
			buildSettings = {
				ASSETCATALOG_COMPILER_APPICON_NAME = AppIcon;
				ASSETCATALOG_COMPILER_GLOBAL_ACCENT_COLOR_NAME = AccentColor;
				CODE_SIGN_STYLE = Automatic;
				CURRENT_PROJECT_VERSION = 1;
				GENERATE_INFOPLIST_FILE = YES;
				INFOPLIST_FILE = Pexel/Info.plist;
				INFOPLIST_KEY_UIApplicationSupportsIndirectInputEvents = YES;
				INFOPLIST_KEY_UILaunchStoryboardName = LaunchScreen;
				INFOPLIST_KEY_UISupportedInterfaceOrientations_iPad = "UIInterfaceOrientationPortrait UIInterfaceOrientationPortraitUpsideDown UIInterfaceOrientationLandscapeLeft UIInterfaceOrientationLandscapeRight";
				INFOPLIST_KEY_UISupportedInterfaceOrientations_iPhone = "UIInterfaceOrientationPortrait UIInterfaceOrientationLandscapeLeft UIInterfaceOrientationLandscapeRight";
				LD_RUNPATH_SEARCH_PATHS = (
					"$(inherited)",
					"@executable_path/Frameworks",
				);
				MARKETING_VERSION = 1.0;
				PRODUCT_BUNDLE_IDENTIFIER = com.salimzhan.Pexel;
				PRODUCT_NAME = "$(TARGET_NAME)";
				SWIFT_EMIT_LOC_STRINGS = YES;
				SWIFT_VERSION = 5.0;
				TARGETED_DEVICE_FAMILY = "1,2";
			};
			name = Debug;
		};
		19D542D52AECF164003AE729 /* Release */ = {
			isa = XCBuildConfiguration;
			buildSettings = {
				ASSETCATALOG_COMPILER_APPICON_NAME = AppIcon;
				ASSETCATALOG_COMPILER_GLOBAL_ACCENT_COLOR_NAME = AccentColor;
				CODE_SIGN_STYLE = Automatic;
				CURRENT_PROJECT_VERSION = 1;
				GENERATE_INFOPLIST_FILE = YES;
				INFOPLIST_FILE = Pexel/Info.plist;
				INFOPLIST_KEY_UIApplicationSupportsIndirectInputEvents = YES;
				INFOPLIST_KEY_UILaunchStoryboardName = LaunchScreen;
				INFOPLIST_KEY_UISupportedInterfaceOrientations_iPad = "UIInterfaceOrientationPortrait UIInterfaceOrientationPortraitUpsideDown UIInterfaceOrientationLandscapeLeft UIInterfaceOrientationLandscapeRight";
				INFOPLIST_KEY_UISupportedInterfaceOrientations_iPhone = "UIInterfaceOrientationPortrait UIInterfaceOrientationLandscapeLeft UIInterfaceOrientationLandscapeRight";
				LD_RUNPATH_SEARCH_PATHS = (
					"$(inherited)",
					"@executable_path/Frameworks",
				);
				MARKETING_VERSION = 1.0;
				PRODUCT_BUNDLE_IDENTIFIER = com.salimzhan.Pexel;
				PRODUCT_NAME = "$(TARGET_NAME)";
				SWIFT_EMIT_LOC_STRINGS = YES;
				SWIFT_VERSION = 5.0;
				TARGETED_DEVICE_FAMILY = "1,2";
			};
			name = Release;
		};
		19D542D72AECF164003AE729 /* Debug */ = {
			isa = XCBuildConfiguration;
			buildSettings = {
				ALWAYS_EMBED_SWIFT_STANDARD_LIBRARIES = YES;
				BUNDLE_LOADER = "$(TEST_HOST)";
				CODE_SIGN_STYLE = Automatic;
				CURRENT_PROJECT_VERSION = 1;
				GENERATE_INFOPLIST_FILE = YES;
				IPHONEOS_DEPLOYMENT_TARGET = 16.4;
				MARKETING_VERSION = 1.0;
				PRODUCT_BUNDLE_IDENTIFIER = com.salimzhan.PexelTests;
				PRODUCT_NAME = "$(TARGET_NAME)";
				SWIFT_EMIT_LOC_STRINGS = NO;
				SWIFT_VERSION = 5.0;
				TARGETED_DEVICE_FAMILY = "1,2";
				TEST_HOST = "$(BUILT_PRODUCTS_DIR)/Pexel.app/$(BUNDLE_EXECUTABLE_FOLDER_PATH)/Pexel";
			};
			name = Debug;
		};
		19D542D82AECF164003AE729 /* Release */ = {
			isa = XCBuildConfiguration;
			buildSettings = {
				ALWAYS_EMBED_SWIFT_STANDARD_LIBRARIES = YES;
				BUNDLE_LOADER = "$(TEST_HOST)";
				CODE_SIGN_STYLE = Automatic;
				CURRENT_PROJECT_VERSION = 1;
				GENERATE_INFOPLIST_FILE = YES;
				IPHONEOS_DEPLOYMENT_TARGET = 16.4;
				MARKETING_VERSION = 1.0;
				PRODUCT_BUNDLE_IDENTIFIER = com.salimzhan.PexelTests;
				PRODUCT_NAME = "$(TARGET_NAME)";
				SWIFT_EMIT_LOC_STRINGS = NO;
				SWIFT_VERSION = 5.0;
				TARGETED_DEVICE_FAMILY = "1,2";
				TEST_HOST = "$(BUILT_PRODUCTS_DIR)/Pexel.app/$(BUNDLE_EXECUTABLE_FOLDER_PATH)/Pexel";
			};
			name = Release;
		};
		19D542DA2AECF164003AE729 /* Debug */ = {
			isa = XCBuildConfiguration;
			buildSettings = {
				ALWAYS_EMBED_SWIFT_STANDARD_LIBRARIES = YES;
				CODE_SIGN_STYLE = Automatic;
				CURRENT_PROJECT_VERSION = 1;
				GENERATE_INFOPLIST_FILE = YES;
				MARKETING_VERSION = 1.0;
				PRODUCT_BUNDLE_IDENTIFIER = com.salimzhan.PexelUITests;
				PRODUCT_NAME = "$(TARGET_NAME)";
				SWIFT_EMIT_LOC_STRINGS = NO;
				SWIFT_VERSION = 5.0;
				TARGETED_DEVICE_FAMILY = "1,2";
				TEST_TARGET_NAME = Pexel;
			};
			name = Debug;
		};
		19D542DB2AECF164003AE729 /* Release */ = {
			isa = XCBuildConfiguration;
			buildSettings = {
				ALWAYS_EMBED_SWIFT_STANDARD_LIBRARIES = YES;
				CODE_SIGN_STYLE = Automatic;
				CURRENT_PROJECT_VERSION = 1;
				GENERATE_INFOPLIST_FILE = YES;
				MARKETING_VERSION = 1.0;
				PRODUCT_BUNDLE_IDENTIFIER = com.salimzhan.PexelUITests;
				PRODUCT_NAME = "$(TARGET_NAME)";
				SWIFT_EMIT_LOC_STRINGS = NO;
				SWIFT_VERSION = 5.0;
				TARGETED_DEVICE_FAMILY = "1,2";
				TEST_TARGET_NAME = Pexel;
			};
			name = Release;
		};
/* End XCBuildConfiguration section */

/* Begin XCConfigurationList section */
		19D542A42AECF161003AE729 /* Build configuration list for PBXProject "Pexel" */ = {
			isa = XCConfigurationList;
			buildConfigurations = (
				19D542D12AECF164003AE729 /* Debug */,
				19D542D22AECF164003AE729 /* Release */,
			);
			defaultConfigurationIsVisible = 0;
			defaultConfigurationName = Release;
		};
		19D542D32AECF164003AE729 /* Build configuration list for PBXNativeTarget "Pexel" */ = {
			isa = XCConfigurationList;
			buildConfigurations = (
				19D542D42AECF164003AE729 /* Debug */,
				19D542D52AECF164003AE729 /* Release */,
			);
			defaultConfigurationIsVisible = 0;
			defaultConfigurationName = Release;
		};
		19D542D62AECF164003AE729 /* Build configuration list for PBXNativeTarget "PexelTests" */ = {
			isa = XCConfigurationList;
			buildConfigurations = (
				19D542D72AECF164003AE729 /* Debug */,
				19D542D82AECF164003AE729 /* Release */,
			);
			defaultConfigurationIsVisible = 0;
			defaultConfigurationName = Release;
		};
		19D542D92AECF164003AE729 /* Build configuration list for PBXNativeTarget "PexelUITests" */ = {
			isa = XCConfigurationList;
			buildConfigurations = (
				19D542DA2AECF164003AE729 /* Debug */,
				19D542DB2AECF164003AE729 /* Release */,
			);
			defaultConfigurationIsVisible = 0;
			defaultConfigurationName = Release;
		};
/* End XCConfigurationList section */
	};
	rootObject = 19D542A12AECF161003AE729 /* Project object */;
}
