// !$*UTF8*$!
{
	archiveVersion = 1;
	classes = {
	};
	objectVersion = 56;
	objects = {

/* Begin PBXBuildFile section */
		1927B22C2C33F2460041043A /* AppDelegate.swift in Sources */ = {isa = PBXBuildFile; fileRef = 1927B22B2C33F2460041043A /* AppDelegate.swift */; };
		1927B22E2C33F2460041043A /* SceneDelegate.swift in Sources */ = {isa = PBXBuildFile; fileRef = 1927B22D2C33F2460041043A /* SceneDelegate.swift */; };
		1927B2302C33F2460041043A /* OnboardingView.swift in Sources */ = {isa = PBXBuildFile; fileRef = 1927B22F2C33F2460041043A /* OnboardingView.swift */; };
		1927B2352C33F2470041043A /* Assets.xcassets in Resources */ = {isa = PBXBuildFile; fileRef = 1927B2342C33F2470041043A /* Assets.xcassets */; };
		1927B2382C33F2470041043A /* LaunchScreen.storyboard in Resources */ = {isa = PBXBuildFile; fileRef = 1927B2362C33F2470041043A /* LaunchScreen.storyboard */; };
		195551DF2C37CBBB0049BFB2 /* MainViewController.swift in Sources */ = {isa = PBXBuildFile; fileRef = 195551DE2C37CBBB0049BFB2 /* MainViewController.swift */; };
		195551E52C382EE10049BFB2 /* PicturesCollectionViewCell.swift in Sources */ = {isa = PBXBuildFile; fileRef = 195551E42C382EE10049BFB2 /* PicturesCollectionViewCell.swift */; };
		195551E72C3837790049BFB2 /* PictureResponse.swift in Sources */ = {isa = PBXBuildFile; fileRef = 195551E62C3837790049BFB2 /* PictureResponse.swift */; };
		1957338C2C36B2050060874C /* OnboardCollectionViewCell.swift in Sources */ = {isa = PBXBuildFile; fileRef = 1957338B2C36B2050060874C /* OnboardCollectionViewCell.swift */; };
		1957338E2C36EE460060874C /* OnboardingModel.swift in Sources */ = {isa = PBXBuildFile; fileRef = 1957338D2C36EE460060874C /* OnboardingModel.swift */; };
		195BE56E2C42B648008BF42B /* HistoryCollectionViewCell.swift in Sources */ = {isa = PBXBuildFile; fileRef = 195BE56D2C42B648008BF42B /* HistoryCollectionViewCell.swift */; };
		195BE5702C43AC40008BF42B /* ImageDetailViewController.swift in Sources */ = {isa = PBXBuildFile; fileRef = 195BE56F2C43AC40008BF42B /* ImageDetailViewController.swift */; };
/* End PBXBuildFile section */

/* Begin PBXFileReference section */
		1927B2282C33F2460041043A /* PexelApp.app */ = {isa = PBXFileReference; explicitFileType = wrapper.application; includeInIndex = 0; path = PexelApp.app; sourceTree = BUILT_PRODUCTS_DIR; };
		1927B22B2C33F2460041043A /* AppDelegate.swift */ = {isa = PBXFileReference; lastKnownFileType = sourcecode.swift; path = AppDelegate.swift; sourceTree = "<group>"; };
		1927B22D2C33F2460041043A /* SceneDelegate.swift */ = {isa = PBXFileReference; lastKnownFileType = sourcecode.swift; path = SceneDelegate.swift; sourceTree = "<group>"; };
		1927B22F2C33F2460041043A /* OnboardingView.swift */ = {isa = PBXFileReference; lastKnownFileType = sourcecode.swift; path = OnboardingView.swift; sourceTree = "<group>"; };
		1927B2342C33F2470041043A /* Assets.xcassets */ = {isa = PBXFileReference; lastKnownFileType = folder.assetcatalog; path = Assets.xcassets; sourceTree = "<group>"; };
		1927B2372C33F2470041043A /* Base */ = {isa = PBXFileReference; lastKnownFileType = file.storyboard; name = Base; path = Base.lproj/LaunchScreen.storyboard; sourceTree = "<group>"; };
		1927B2392C33F2470041043A /* Info.plist */ = {isa = PBXFileReference; lastKnownFileType = text.plist.xml; path = Info.plist; sourceTree = "<group>"; };
		195551DE2C37CBBB0049BFB2 /* MainViewController.swift */ = {isa = PBXFileReference; lastKnownFileType = sourcecode.swift; path = MainViewController.swift; sourceTree = "<group>"; };
		195551E42C382EE10049BFB2 /* PicturesCollectionViewCell.swift */ = {isa = PBXFileReference; lastKnownFileType = sourcecode.swift; path = PicturesCollectionViewCell.swift; sourceTree = "<group>"; };
		195551E62C3837790049BFB2 /* PictureResponse.swift */ = {isa = PBXFileReference; lastKnownFileType = sourcecode.swift; path = PictureResponse.swift; sourceTree = "<group>"; };
		1957338B2C36B2050060874C /* OnboardCollectionViewCell.swift */ = {isa = PBXFileReference; lastKnownFileType = sourcecode.swift; path = OnboardCollectionViewCell.swift; sourceTree = "<group>"; };
		1957338D2C36EE460060874C /* OnboardingModel.swift */ = {isa = PBXFileReference; lastKnownFileType = sourcecode.swift; path = OnboardingModel.swift; sourceTree = "<group>"; };
		195BE56D2C42B648008BF42B /* HistoryCollectionViewCell.swift */ = {isa = PBXFileReference; lastKnownFileType = sourcecode.swift; path = HistoryCollectionViewCell.swift; sourceTree = "<group>"; };
		195BE56F2C43AC40008BF42B /* ImageDetailViewController.swift */ = {isa = PBXFileReference; lastKnownFileType = sourcecode.swift; path = ImageDetailViewController.swift; sourceTree = "<group>"; };
/* End PBXFileReference section */

/* Begin PBXFrameworksBuildPhase section */
		1927B2252C33F2460041043A /* Frameworks */ = {
			isa = PBXFrameworksBuildPhase;
			buildActionMask = 2147483647;
			files = (
			);
			runOnlyForDeploymentPostprocessing = 0;
		};
/* End PBXFrameworksBuildPhase section */

/* Begin PBXGroup section */
		1927B21F2C33F2460041043A = {
			isa = PBXGroup;
			children = (
				1927B22A2C33F2460041043A /* PexelApp */,
				1927B2292C33F2460041043A /* Products */,
			);
			sourceTree = "<group>";
		};
		1927B2292C33F2460041043A /* Products */ = {
			isa = PBXGroup;
			children = (
				1927B2282C33F2460041043A /* PexelApp.app */,
			);
			name = Products;
			sourceTree = "<group>";
		};
		1927B22A2C33F2460041043A /* PexelApp */ = {
			isa = PBXGroup;
			children = (
				1927B22B2C33F2460041043A /* AppDelegate.swift */,
				1927B22D2C33F2460041043A /* SceneDelegate.swift */,
				195551E22C37E1180049BFB2 /* Controllers */,
				195551E32C37E1370049BFB2 /* Models */,
				1927B2342C33F2470041043A /* Assets.xcassets */,
				1927B2362C33F2470041043A /* LaunchScreen.storyboard */,
				1927B2392C33F2470041043A /* Info.plist */,
			);
			path = PexelApp;
			sourceTree = "<group>";
		};
		195551E12C37E0C60049BFB2 /* Cells */ = {
			isa = PBXGroup;
			children = (
				1957338B2C36B2050060874C /* OnboardCollectionViewCell.swift */,
				195551E42C382EE10049BFB2 /* PicturesCollectionViewCell.swift */,
				195BE56D2C42B648008BF42B /* HistoryCollectionViewCell.swift */,
			);
			path = Cells;
			sourceTree = "<group>";
		};
		195551E22C37E1180049BFB2 /* Controllers */ = {
			isa = PBXGroup;
			children = (
				1927B22F2C33F2460041043A /* OnboardingView.swift */,
				195551DE2C37CBBB0049BFB2 /* MainViewController.swift */,
				195BE56F2C43AC40008BF42B /* ImageDetailViewController.swift */,
				195551E12C37E0C60049BFB2 /* Cells */,
			);
			path = Controllers;
			sourceTree = "<group>";
		};
		195551E32C37E1370049BFB2 /* Models */ = {
			isa = PBXGroup;
			children = (
				195551E62C3837790049BFB2 /* PictureResponse.swift */,
				1957338D2C36EE460060874C /* OnboardingModel.swift */,
			);
			path = Models;
			sourceTree = "<group>";
		};
/* End PBXGroup section */

/* Begin PBXNativeTarget section */
		1927B2272C33F2460041043A /* PexelApp */ = {
			isa = PBXNativeTarget;
			buildConfigurationList = 1927B23C2C33F2470041043A /* Build configuration list for PBXNativeTarget "PexelApp" */;
			buildPhases = (
				1927B2242C33F2460041043A /* Sources */,
				1927B2252C33F2460041043A /* Frameworks */,
				1927B2262C33F2460041043A /* Resources */,
			);
			buildRules = (
			);
			dependencies = (
			);
			name = PexelApp;
			productName = PexelApp;
			productReference = 1927B2282C33F2460041043A /* PexelApp.app */;
			productType = "com.apple.product-type.application";
		};
/* End PBXNativeTarget section */

/* Begin PBXProject section */
		1927B2202C33F2460041043A /* Project object */ = {
			isa = PBXProject;
			attributes = {
				BuildIndependentTargetsInParallel = 1;
				LastSwiftUpdateCheck = 1430;
				LastUpgradeCheck = 1430;
				TargetAttributes = {
					1927B2272C33F2460041043A = {
						CreatedOnToolsVersion = 14.3.1;
					};
				};
			};
			buildConfigurationList = 1927B2232C33F2460041043A /* Build configuration list for PBXProject "PexelApp" */;
			compatibilityVersion = "Xcode 14.0";
			developmentRegion = en;
			hasScannedForEncodings = 0;
			knownRegions = (
				en,
				Base,
			);
			mainGroup = 1927B21F2C33F2460041043A;
			productRefGroup = 1927B2292C33F2460041043A /* Products */;
			projectDirPath = "";
			projectRoot = "";
			targets = (
				1927B2272C33F2460041043A /* PexelApp */,
			);
		};
/* End PBXProject section */

/* Begin PBXResourcesBuildPhase section */
		1927B2262C33F2460041043A /* Resources */ = {
			isa = PBXResourcesBuildPhase;
			buildActionMask = 2147483647;
			files = (
				1927B2382C33F2470041043A /* LaunchScreen.storyboard in Resources */,
				1927B2352C33F2470041043A /* Assets.xcassets in Resources */,
			);
			runOnlyForDeploymentPostprocessing = 0;
		};
/* End PBXResourcesBuildPhase section */

/* Begin PBXSourcesBuildPhase section */
		1927B2242C33F2460041043A /* Sources */ = {
			isa = PBXSourcesBuildPhase;
			buildActionMask = 2147483647;
			files = (
				1957338E2C36EE460060874C /* OnboardingModel.swift in Sources */,
				1927B2302C33F2460041043A /* OnboardingView.swift in Sources */,
				1927B22C2C33F2460041043A /* AppDelegate.swift in Sources */,
				195551E72C3837790049BFB2 /* PictureResponse.swift in Sources */,
				195551DF2C37CBBB0049BFB2 /* MainViewController.swift in Sources */,
				195BE56E2C42B648008BF42B /* HistoryCollectionViewCell.swift in Sources */,
				1957338C2C36B2050060874C /* OnboardCollectionViewCell.swift in Sources */,
				1927B22E2C33F2460041043A /* SceneDelegate.swift in Sources */,
				195551E52C382EE10049BFB2 /* PicturesCollectionViewCell.swift in Sources */,
				195BE5702C43AC40008BF42B /* ImageDetailViewController.swift in Sources */,
			);
			runOnlyForDeploymentPostprocessing = 0;
		};
/* End PBXSourcesBuildPhase section */

/* Begin PBXVariantGroup section */
		1927B2362C33F2470041043A /* LaunchScreen.storyboard */ = {
			isa = PBXVariantGroup;
			children = (
				1927B2372C33F2470041043A /* Base */,
			);
			name = LaunchScreen.storyboard;
			sourceTree = "<group>";
		};
/* End PBXVariantGroup section */

/* Begin XCBuildConfiguration section */
		1927B23A2C33F2470041043A /* Debug */ = {
			isa = XCBuildConfiguration;
			buildSettings = {
				ALWAYS_SEARCH_USER_PATHS = NO;
				CLANG_ANALYZER_NONNULL = YES;
				CLANG_ANALYZER_NUMBER_OBJECT_CONVERSION = YES_AGGRESSIVE;
				CLANG_CXX_LANGUAGE_STANDARD = "gnu++20";
				CLANG_ENABLE_MODULES = YES;
				CLANG_ENABLE_OBJC_ARC = YES;
				CLANG_ENABLE_OBJC_WEAK = YES;
				CLANG_WARN_BLOCK_CAPTURE_AUTORELEASING = YES;
				CLANG_WARN_BOOL_CONVERSION = YES;
				CLANG_WARN_COMMA = YES;
				CLANG_WARN_CONSTANT_CONVERSION = YES;
				CLANG_WARN_DEPRECATED_OBJC_IMPLEMENTATIONS = YES;
				CLANG_WARN_DIRECT_OBJC_ISA_USAGE = YES_ERROR;
				CLANG_WARN_DOCUMENTATION_COMMENTS = YES;
				CLANG_WARN_EMPTY_BODY = YES;
				CLANG_WARN_ENUM_CONVERSION = YES;
				CLANG_WARN_INFINITE_RECURSION = YES;
				CLANG_WARN_INT_CONVERSION = YES;
				CLANG_WARN_NON_LITERAL_NULL_CONVERSION = YES;
				CLANG_WARN_OBJC_IMPLICIT_RETAIN_SELF = YES;
				CLANG_WARN_OBJC_LITERAL_CONVERSION = YES;
				CLANG_WARN_OBJC_ROOT_CLASS = YES_ERROR;
				CLANG_WARN_QUOTED_INCLUDE_IN_FRAMEWORK_HEADER = YES;
				CLANG_WARN_RANGE_LOOP_ANALYSIS = YES;
				CLANG_WARN_STRICT_PROTOTYPES = YES;
				CLANG_WARN_SUSPICIOUS_MOVE = YES;
				CLANG_WARN_UNGUARDED_AVAILABILITY = YES_AGGRESSIVE;
				CLANG_WARN_UNREACHABLE_CODE = YES;
				CLANG_WARN__DUPLICATE_METHOD_MATCH = YES;
				COPY_PHASE_STRIP = NO;
				DEBUG_INFORMATION_FORMAT = dwarf;
				ENABLE_STRICT_OBJC_MSGSEND = YES;
				ENABLE_TESTABILITY = YES;
				GCC_C_LANGUAGE_STANDARD = gnu11;
				GCC_DYNAMIC_NO_PIC = NO;
				GCC_NO_COMMON_BLOCKS = YES;
				GCC_OPTIMIZATION_LEVEL = 0;
				GCC_PREPROCESSOR_DEFINITIONS = (
					"DEBUG=1",
					"$(inherited)",
				);
				GCC_WARN_64_TO_32_BIT_CONVERSION = YES;
				GCC_WARN_ABOUT_RETURN_TYPE = YES_ERROR;
				GCC_WARN_UNDECLARED_SELECTOR = YES;
				GCC_WARN_UNINITIALIZED_AUTOS = YES_AGGRESSIVE;
				GCC_WARN_UNUSED_FUNCTION = YES;
				GCC_WARN_UNUSED_VARIABLE = YES;
				IPHONEOS_DEPLOYMENT_TARGET = 16.4;
				MTL_ENABLE_DEBUG_INFO = INCLUDE_SOURCE;
				MTL_FAST_MATH = YES;
				ONLY_ACTIVE_ARCH = YES;
				SDKROOT = iphoneos;
				SWIFT_ACTIVE_COMPILATION_CONDITIONS = DEBUG;
				SWIFT_OPTIMIZATION_LEVEL = "-Onone";
			};
			name = Debug;
		};
		1927B23B2C33F2470041043A /* Release */ = {
			isa = XCBuildConfiguration;
			buildSettings = {
				ALWAYS_SEARCH_USER_PATHS = NO;
				CLANG_ANALYZER_NONNULL = YES;
				CLANG_ANALYZER_NUMBER_OBJECT_CONVERSION = YES_AGGRESSIVE;
				CLANG_CXX_LANGUAGE_STANDARD = "gnu++20";
				CLANG_ENABLE_MODULES = YES;
				CLANG_ENABLE_OBJC_ARC = YES;
				CLANG_ENABLE_OBJC_WEAK = YES;
				CLANG_WARN_BLOCK_CAPTURE_AUTORELEASING = YES;
				CLANG_WARN_BOOL_CONVERSION = YES;
				CLANG_WARN_COMMA = YES;
				CLANG_WARN_CONSTANT_CONVERSION = YES;
				CLANG_WARN_DEPRECATED_OBJC_IMPLEMENTATIONS = YES;
				CLANG_WARN_DIRECT_OBJC_ISA_USAGE = YES_ERROR;
				CLANG_WARN_DOCUMENTATION_COMMENTS = YES;
				CLANG_WARN_EMPTY_BODY = YES;
				CLANG_WARN_ENUM_CONVERSION = YES;
				CLANG_WARN_INFINITE_RECURSION = YES;
				CLANG_WARN_INT_CONVERSION = YES;
				CLANG_WARN_NON_LITERAL_NULL_CONVERSION = YES;
				CLANG_WARN_OBJC_IMPLICIT_RETAIN_SELF = YES;
				CLANG_WARN_OBJC_LITERAL_CONVERSION = YES;
				CLANG_WARN_OBJC_ROOT_CLASS = YES_ERROR;
				CLANG_WARN_QUOTED_INCLUDE_IN_FRAMEWORK_HEADER = YES;
				CLANG_WARN_RANGE_LOOP_ANALYSIS = YES;
				CLANG_WARN_STRICT_PROTOTYPES = YES;
				CLANG_WARN_SUSPICIOUS_MOVE = YES;
				CLANG_WARN_UNGUARDED_AVAILABILITY = YES_AGGRESSIVE;
				CLANG_WARN_UNREACHABLE_CODE = YES;
				CLANG_WARN__DUPLICATE_METHOD_MATCH = YES;
				COPY_PHASE_STRIP = NO;
				DEBUG_INFORMATION_FORMAT = "dwarf-with-dsym";
				ENABLE_NS_ASSERTIONS = NO;
				ENABLE_STRICT_OBJC_MSGSEND = YES;
				GCC_C_LANGUAGE_STANDARD = gnu11;
				GCC_NO_COMMON_BLOCKS = YES;
				GCC_WARN_64_TO_32_BIT_CONVERSION = YES;
				GCC_WARN_ABOUT_RETURN_TYPE = YES_ERROR;
				GCC_WARN_UNDECLARED_SELECTOR = YES;
				GCC_WARN_UNINITIALIZED_AUTOS = YES_AGGRESSIVE;
				GCC_WARN_UNUSED_FUNCTION = YES;
				GCC_WARN_UNUSED_VARIABLE = YES;
				IPHONEOS_DEPLOYMENT_TARGET = 16.4;
				MTL_ENABLE_DEBUG_INFO = NO;
				MTL_FAST_MATH = YES;
				SDKROOT = iphoneos;
				SWIFT_COMPILATION_MODE = wholemodule;
				SWIFT_OPTIMIZATION_LEVEL = "-O";
				VALIDATE_PRODUCT = YES;
			};
			name = Release;
		};
		1927B23D2C33F2470041043A /* Debug */ = {
			isa = XCBuildConfiguration;
			buildSettings = {
				ASSETCATALOG_COMPILER_APPICON_NAME = AppIcon;
				ASSETCATALOG_COMPILER_GLOBAL_ACCENT_COLOR_NAME = AccentColor;
				CODE_SIGN_STYLE = Automatic;
				CURRENT_PROJECT_VERSION = 1;
				GENERATE_INFOPLIST_FILE = YES;
				INFOPLIST_FILE = PexelApp/Info.plist;
				INFOPLIST_KEY_UIApplicationSupportsIndirectInputEvents = YES;
				INFOPLIST_KEY_UILaunchStoryboardName = LaunchScreen;
				INFOPLIST_KEY_UISupportedInterfaceOrientations_iPad = "UIInterfaceOrientationPortrait UIInterfaceOrientationPortraitUpsideDown UIInterfaceOrientationLandscapeLeft UIInterfaceOrientationLandscapeRight";
				INFOPLIST_KEY_UISupportedInterfaceOrientations_iPhone = "UIInterfaceOrientationPortrait UIInterfaceOrientationLandscapeLeft UIInterfaceOrientationLandscapeRight";
				LD_RUNPATH_SEARCH_PATHS = (
					"$(inherited)",
					"@executable_path/Frameworks",
				);
				MARKETING_VERSION = 1.0;
				PRODUCT_BUNDLE_IDENTIFIER = com.salimzhan.PexelApp;
				PRODUCT_NAME = "$(TARGET_NAME)";
				SWIFT_EMIT_LOC_STRINGS = YES;
				SWIFT_VERSION = 5.0;
				TARGETED_DEVICE_FAMILY = "1,2";
			};
			name = Debug;
		};
		1927B23E2C33F2470041043A /* Release */ = {
			isa = XCBuildConfiguration;
			buildSettings = {
				ASSETCATALOG_COMPILER_APPICON_NAME = AppIcon;
				ASSETCATALOG_COMPILER_GLOBAL_ACCENT_COLOR_NAME = AccentColor;
				CODE_SIGN_STYLE = Automatic;
				CURRENT_PROJECT_VERSION = 1;
				GENERATE_INFOPLIST_FILE = YES;
				INFOPLIST_FILE = PexelApp/Info.plist;
				INFOPLIST_KEY_UIApplicationSupportsIndirectInputEvents = YES;
				INFOPLIST_KEY_UILaunchStoryboardName = LaunchScreen;
				INFOPLIST_KEY_UISupportedInterfaceOrientations_iPad = "UIInterfaceOrientationPortrait UIInterfaceOrientationPortraitUpsideDown UIInterfaceOrientationLandscapeLeft UIInterfaceOrientationLandscapeRight";
				INFOPLIST_KEY_UISupportedInterfaceOrientations_iPhone = "UIInterfaceOrientationPortrait UIInterfaceOrientationLandscapeLeft UIInterfaceOrientationLandscapeRight";
				LD_RUNPATH_SEARCH_PATHS = (
					"$(inherited)",
					"@executable_path/Frameworks",
				);
				MARKETING_VERSION = 1.0;
				PRODUCT_BUNDLE_IDENTIFIER = com.salimzhan.PexelApp;
				PRODUCT_NAME = "$(TARGET_NAME)";
				SWIFT_EMIT_LOC_STRINGS = YES;
				SWIFT_VERSION = 5.0;
				TARGETED_DEVICE_FAMILY = "1,2";
			};
			name = Release;
		};
/* End XCBuildConfiguration section */

/* Begin XCConfigurationList section */
		1927B2232C33F2460041043A /* Build configuration list for PBXProject "PexelApp" */ = {
			isa = XCConfigurationList;
			buildConfigurations = (
				1927B23A2C33F2470041043A /* Debug */,
				1927B23B2C33F2470041043A /* Release */,
			);
			defaultConfigurationIsVisible = 0;
			defaultConfigurationName = Release;
		};
		1927B23C2C33F2470041043A /* Build configuration list for PBXNativeTarget "PexelApp" */ = {
			isa = XCConfigurationList;
			buildConfigurations = (
				1927B23D2C33F2470041043A /* Debug */,
				1927B23E2C33F2470041043A /* Release */,
			);
			defaultConfigurationIsVisible = 0;
			defaultConfigurationName = Release;
		};
/* End XCConfigurationList section */
	};
	rootObject = 1927B2202C33F2460041043A /* Project object */;
}
